
Microsoft Visual Studio Solution File, Format Version 12.00
# Visual Studio Version 17
VisualStudioVersion = 17.10.34607.79
MinimumVisualStudioVersion = 10.0.40219.1
Project("{9A19103F-16F7-4668-BE54-9A1E7A4F7556}") = "MetadataDumper", "MetadataDumper\MetadataDumper.csproj", "{B9FEB9E4-3E2E-4987-A570-50FF5390AAA3}"
EndProject
Project("{2150E333-8FDC-42A3-9474-1A3956D46DE8}") = "Solution Items", "Solution Items", "{9CDB8B47-940E-464D-86B8-0CA06FE52B73}"
	ProjectSection(SolutionItems) = preProject
		process.ps1 = process.ps1
		README.md = README.md
		summary.ps1 = summary.ps1
	EndProjectSection
EndProject
Project("{FAE04EC0-301F-11D3-BF4B-00C04F79EFBC}") = "MetadataDumper.Tests", "MetadataDumper.Tests\MetadataDumper.Tests.csproj", "{5B413C37-B4F6-44C0-967E-9EDFA5858139}"
EndProject
Global
	GlobalSection(SolutionConfigurationPlatforms) = preSolution
		Debug|Any CPU = Debug|Any CPU
		Release|Any CPU = Release|Any CPU
	EndGlobalSection
	GlobalSection(ProjectConfigurationPlatforms) = postSolution
		{B9FEB9E4-3E2E-4987-A570-50FF5390AAA3}.Debug|Any CPU.ActiveCfg = Debug|Any CPU
		{B9FEB9E4-3E2E-4987-A570-50FF5390AAA3}.Debug|Any CPU.Build.0 = Debug|Any CPU
		{B9FEB9E4-3E2E-4987-A570-50FF5390AAA3}.Release|Any CPU.ActiveCfg = Release|Any CPU
		{B9FEB9E4-3E2E-4987-A570-50FF5390AAA3}.Release|Any CPU.Build.0 = Release|Any CPU
		{5B413C37-B4F6-44C0-967E-9EDFA5858139}.Debug|Any CPU.ActiveCfg = Debug|Any CPU
		{5B413C37-B4F6-44C0-967E-9EDFA5858139}.Debug|Any CPU.Build.0 = Debug|Any CPU
		{5B413C37-B4F6-44C0-967E-9EDFA5858139}.Release|Any CPU.ActiveCfg = Release|Any CPU
		{5B413C37-B4F6-44C0-967E-9EDFA5858139}.Release|Any CPU.Build.0 = Release|Any CPU
	EndGlobalSection
	GlobalSection(SolutionProperties) = preSolution
		HideSolutionNode = FALSE
	EndGlobalSection
	GlobalSection(ExtensibilityGlobals) = postSolution
		SolutionGuid = {B8E4817E-7D0D-4154-9F8E-16BE0B91AAEB}
	EndGlobalSection
EndGlobal
